
Microsoft Visual Studio Solution File, Format Version 12.00
# Visual Studio Version 16
VisualStudioVersion = 16.0.30503.244
MinimumVisualStudioVersion = 10.0.40219.1
Project("{FAE04EC0-301F-11D3-BF4B-00C04F79EFBC}") = "ErosionFinder.Domain", "ErosionFinder.Domain\ErosionFinder.Domain.csproj", "{690C5079-3AF7-4532-9BF2-AFC18AC02EB9}"
EndProject
Project("{FAE04EC0-301F-11D3-BF4B-00C04F79EFBC}") = "ErosionFinder", "ErosionFinder\ErosionFinder.csproj", "{FAB71509-23EB-49F2-BAD2-5D90C7473335}"
EndProject
Global
	GlobalSection(SolutionConfigurationPlatforms) = preSolution
		Debug|Any CPU = Debug|Any CPU
		Release|Any CPU = Release|Any CPU
	EndGlobalSection
	GlobalSection(ProjectConfigurationPlatforms) = postSolution
		{690C5079-3AF7-4532-9BF2-AFC18AC02EB9}.Debug|Any CPU.ActiveCfg = Debug|Any CPU
		{690C5079-3AF7-4532-9BF2-AFC18AC02EB9}.Debug|Any CPU.Build.0 = Debug|Any CPU
		{690C5079-3AF7-4532-9BF2-AFC18AC02EB9}.Release|Any CPU.ActiveCfg = Release|Any CPU
		{690C5079-3AF7-4532-9BF2-AFC18AC02EB9}.Release|Any CPU.Build.0 = Release|Any CPU
		{FAB71509-23EB-49F2-BAD2-5D90C7473335}.Debug|Any CPU.ActiveCfg = Debug|Any CPU
		{FAB71509-23EB-49F2-BAD2-5D90C7473335}.Debug|Any CPU.Build.0 = Debug|Any CPU
		{FAB71509-23EB-49F2-BAD2-5D90C7473335}.Release|Any CPU.ActiveCfg = Release|Any CPU
		{FAB71509-23EB-49F2-BAD2-5D90C7473335}.Release|Any CPU.Build.0 = Release|Any CPU
	EndGlobalSection
	GlobalSection(SolutionProperties) = preSolution
		HideSolutionNode = FALSE
	EndGlobalSection
	GlobalSection(ExtensibilityGlobals) = postSolution
		SolutionGuid = {A29F1942-D9B1-41DC-8FEA-C5D073AB7F33}
	EndGlobalSection
EndGlobal
