
Microsoft Visual Studio Solution File, Format Version 12.00
# Visual Studio Version 16
VisualStudioVersion = 16.0.30503.244
MinimumVisualStudioVersion = 10.0.40219.1
Project("{FAE04EC0-301F-11D3-BF4B-00C04F79EFBC}") = "ErosionFinder", "ErosionFinder\ErosionFinder.csproj", "{FAB71509-23EB-49F2-BAD2-5D90C7473335}"
EndProject
Project("{FAE04EC0-301F-11D3-BF4B-00C04F79EFBC}") = "ErosionFinder.Data.Converter", "ErosionFinder.Data.Converter\ErosionFinder.Data.Converter.csproj", "{19701D85-D2EE-469D-8596-F92531587FFC}"
EndProject
Project("{9A19103F-16F7-4668-BE54-9A1E7A4F7556}") = "ErosionFinder.Data", "ErosionFinder.Data\ErosionFinder.Data.csproj", "{A48BECFF-137B-4AE6-A0A7-AAF70D2760C3}"
EndProject
Project("{FAE04EC0-301F-11D3-BF4B-00C04F79EFBC}") = "ErosionFinder.Tests", "ErosionFinder.Tests\ErosionFinder.Tests.csproj", "{2882921E-369D-4C8E-8A8A-9E9C234118CC}"
EndProject
Global
	GlobalSection(SolutionConfigurationPlatforms) = preSolution
		Debug|Any CPU = Debug|Any CPU
		Release|Any CPU = Release|Any CPU
	EndGlobalSection
	GlobalSection(ProjectConfigurationPlatforms) = postSolution
		{FAB71509-23EB-49F2-BAD2-5D90C7473335}.Debug|Any CPU.ActiveCfg = Debug|Any CPU
		{FAB71509-23EB-49F2-BAD2-5D90C7473335}.Debug|Any CPU.Build.0 = Debug|Any CPU
		{FAB71509-23EB-49F2-BAD2-5D90C7473335}.Release|Any CPU.ActiveCfg = Release|Any CPU
		{FAB71509-23EB-49F2-BAD2-5D90C7473335}.Release|Any CPU.Build.0 = Release|Any CPU
		{19701D85-D2EE-469D-8596-F92531587FFC}.Debug|Any CPU.ActiveCfg = Debug|Any CPU
		{19701D85-D2EE-469D-8596-F92531587FFC}.Debug|Any CPU.Build.0 = Debug|Any CPU
		{19701D85-D2EE-469D-8596-F92531587FFC}.Release|Any CPU.ActiveCfg = Release|Any CPU
		{19701D85-D2EE-469D-8596-F92531587FFC}.Release|Any CPU.Build.0 = Release|Any CPU
		{A48BECFF-137B-4AE6-A0A7-AAF70D2760C3}.Debug|Any CPU.ActiveCfg = Debug|Any CPU
		{A48BECFF-137B-4AE6-A0A7-AAF70D2760C3}.Debug|Any CPU.Build.0 = Debug|Any CPU
		{A48BECFF-137B-4AE6-A0A7-AAF70D2760C3}.Release|Any CPU.ActiveCfg = Release|Any CPU
		{A48BECFF-137B-4AE6-A0A7-AAF70D2760C3}.Release|Any CPU.Build.0 = Release|Any CPU
		{2882921E-369D-4C8E-8A8A-9E9C234118CC}.Debug|Any CPU.ActiveCfg = Debug|Any CPU
		{2882921E-369D-4C8E-8A8A-9E9C234118CC}.Debug|Any CPU.Build.0 = Debug|Any CPU
		{2882921E-369D-4C8E-8A8A-9E9C234118CC}.Release|Any CPU.ActiveCfg = Release|Any CPU
		{2882921E-369D-4C8E-8A8A-9E9C234118CC}.Release|Any CPU.Build.0 = Release|Any CPU
	EndGlobalSection
	GlobalSection(SolutionProperties) = preSolution
		HideSolutionNode = FALSE
	EndGlobalSection
	GlobalSection(ExtensibilityGlobals) = postSolution
		SolutionGuid = {A29F1942-D9B1-41DC-8FEA-C5D073AB7F33}
	EndGlobalSection
EndGlobal
